// !$*UTF8*$!
{
	archiveVersion = 1;
	classes = {
	};
	objectVersion = 46;
	objects = {

/* Begin PBXBuildFile section */
		529991FA1C40210A0035A241 /* AppDelegate.swift in Sources */ = {isa = PBXBuildFile; fileRef = 529991F91C40210A0035A241 /* AppDelegate.swift */; };
		529991FC1C40210A0035A241 /* ViewController.swift in Sources */ = {isa = PBXBuildFile; fileRef = 529991FB1C40210A0035A241 /* ViewController.swift */; };
		529991FF1C40210A0035A241 /* Main.storyboard in Resources */ = {isa = PBXBuildFile; fileRef = 529991FD1C40210A0035A241 /* Main.storyboard */; };
		529992011C40210A0035A241 /* Assets.xcassets in Resources */ = {isa = PBXBuildFile; fileRef = 529992001C40210A0035A241 /* Assets.xcassets */; };
		529992041C40210A0035A241 /* LaunchScreen.storyboard in Resources */ = {isa = PBXBuildFile; fileRef = 529992021C40210A0035A241 /* LaunchScreen.storyboard */; };
/* End PBXBuildFile section */

/* Begin PBXFileReference section */
		529991F61C40210A0035A241 /* TochIDSampleApp.app */ = {isa = PBXFileReference; explicitFileType = wrapper.application; includeInIndex = 0; path = TochIDSampleApp.app; sourceTree = BUILT_PRODUCTS_DIR; };
		529991F91C40210A0035A241 /* AppDelegate.swift */ = {isa = PBXFileReference; lastKnownFileType = sourcecode.swift; path = AppDelegate.swift; sourceTree = "<group>"; };
		529991FB1C40210A0035A241 /* ViewController.swift */ = {isa = PBXFileReference; lastKnownFileType = sourcecode.swift; path = ViewController.swift; sourceTree = "<group>"; };
		529991FE1C40210A0035A241 /* Base */ = {isa = PBXFileReference; lastKnownFileType = file.storyboard; name = Base; path = Base.lproj/Main.storyboard; sourceTree = "<group>"; };
		529992001C40210A0035A241 /* Assets.xcassets */ = {isa = PBXFileReference; lastKnownFileType = folder.assetcatalog; path = Assets.xcassets; sourceTree = "<group>"; };
		529992031C40210A0035A241 /* Base */ = {isa = PBXFileReference; lastKnownFileType = file.storyboard; name = Base; path = Base.lproj/LaunchScreen.storyboard; sourceTree = "<group>"; };
		529992051C40210A0035A241 /* Info.plist */ = {isa = PBXFileReference; lastKnownFileType = text.plist.xml; path = Info.plist; sourceTree = "<group>"; };
/* End PBXFileReference section */

/* Begin PBXFrameworksBuildPhase section */
		529991F31C40210A0035A241 /* Frameworks */ = {
			isa = PBXFrameworksBuildPhase;
			buildActionMask = 2147483647;
			files = (
			);
			runOnlyForDeploymentPostprocessing = 0;
		};
/* End PBXFrameworksBuildPhase section */

/* Begin PBXGroup section */
		529991ED1C40210A0035A241 = {
			isa = PBXGroup;
			children = (
				529991F81C40210A0035A241 /* TochIDSampleApp */,
				529991F71C40210A0035A241 /* Products */,
			);
			sourceTree = "<group>";
		};
		529991F71C40210A0035A241 /* Products */ = {
			isa = PBXGroup;
			children = (
				529991F61C40210A0035A241 /* TochIDSampleApp.app */,
			);
			name = Products;
			sourceTree = "<group>";
		};
		529991F81C40210A0035A241 /* TochIDSampleApp */ = {
			isa = PBXGroup;
			children = (
				529991F91C40210A0035A241 /* AppDelegate.swift */,
				529991FB1C40210A0035A241 /* ViewController.swift */,
				529991FD1C40210A0035A241 /* Main.storyboard */,
				529992001C40210A0035A241 /* Assets.xcassets */,
				529992021C40210A0035A241 /* LaunchScreen.storyboard */,
				529992051C40210A0035A241 /* Info.plist */,
			);
			path = TochIDSampleApp;
			sourceTree = "<group>";
		};
/* End PBXGroup section */

/* Begin PBXNativeTarget section */
		529991F51C40210A0035A241 /* TochIDSampleApp */ = {
			isa = PBXNativeTarget;
			buildConfigurationList = 529992081C40210A0035A241 /* Build configuration list for PBXNativeTarget "TochIDSampleApp" */;
			buildPhases = (
				529991F21C40210A0035A241 /* Sources */,
				529991F31C40210A0035A241 /* Frameworks */,
				529991F41C40210A0035A241 /* Resources */,
			);
			buildRules = (
			);
			dependencies = (
			);
			name = TochIDSampleApp;
			productName = TochIDSampleApp;
			productReference = 529991F61C40210A0035A241 /* TochIDSampleApp.app */;
			productType = "com.apple.product-type.application";
		};
/* End PBXNativeTarget section */

/* Begin PBXProject section */
		529991EE1C40210A0035A241 /* Project object */ = {
			isa = PBXProject;
			attributes = {
				LastSwiftUpdateCheck = 0710;
				LastUpgradeCheck = 0710;
				ORGANIZATIONNAME = air;
				TargetAttributes = {
					529991F51C40210A0035A241 = {
						CreatedOnToolsVersion = 7.1;
						DevelopmentTeam = PCHFX9J3RC;
					};
				};
			};
			buildConfigurationList = 529991F11C40210A0035A241 /* Build configuration list for PBXProject "TochIDSampleApp" */;
			compatibilityVersion = "Xcode 3.2";
			developmentRegion = English;
			hasScannedForEncodings = 0;
			knownRegions = (
				en,
				Base,
			);
			mainGroup = 529991ED1C40210A0035A241;
			productRefGroup = 529991F71C40210A0035A241 /* Products */;
			projectDirPath = "";
			projectRoot = "";
			targets = (
				529991F51C40210A0035A241 /* TochIDSampleApp */,
			);
		};
/* End PBXProject section */

/* Begin PBXResourcesBuildPhase section */
		529991F41C40210A0035A241 /* Resources */ = {
			isa = PBXResourcesBuildPhase;
			buildActionMask = 2147483647;
			files = (
				529992041C40210A0035A241 /* LaunchScreen.storyboard in Resources */,
				529992011C40210A0035A241 /* Assets.xcassets in Resources */,
				529991FF1C40210A0035A241 /* Main.storyboard in Resources */,
			);
			runOnlyForDeploymentPostprocessing = 0;
		};
/* End PBXResourcesBuildPhase section */

/* Begin PBXSourcesBuildPhase section */
		529991F21C40210A0035A241 /* Sources */ = {
			isa = PBXSourcesBuildPhase;
			buildActionMask = 2147483647;
			files = (
				529991FC1C40210A0035A241 /* ViewController.swift in Sources */,
				529991FA1C40210A0035A241 /* AppDelegate.swift in Sources */,
			);
			runOnlyForDeploymentPostprocessing = 0;
		};
/* End PBXSourcesBuildPhase section */

/* Begin PBXVariantGroup section */
		529991FD1C40210A0035A241 /* Main.storyboard */ = {
			isa = PBXVariantGroup;
			children = (
				529991FE1C40210A0035A241 /* Base */,
			);
			name = Main.storyboard;
			sourceTree = "<group>";
		};
		529992021C40210A0035A241 /* LaunchScreen.storyboard */ = {
			isa = PBXVariantGroup;
			children = (
				529992031C40210A0035A241 /* Base */,
			);
			name = LaunchScreen.storyboard;
			sourceTree = "<group>";
		};
/* End PBXVariantGroup section */

/* Begin XCBuildConfiguration section */
		529992061C40210A0035A241 /* Debug */ = {
			isa = XCBuildConfiguration;
			buildSettings = {
				ALWAYS_SEARCH_USER_PATHS = NO;
				CLANG_CXX_LANGUAGE_STANDARD = "gnu++0x";
				CLANG_CXX_LIBRARY = "libc++";
				CLANG_ENABLE_MODULES = YES;
				CLANG_ENABLE_OBJC_ARC = YES;
				CLANG_WARN_BOOL_CONVERSION = YES;
				CLANG_WARN_CONSTANT_CONVERSION = YES;
				CLANG_WARN_DIRECT_OBJC_ISA_USAGE = YES_ERROR;
				CLANG_WARN_EMPTY_BODY = YES;
				CLANG_WARN_ENUM_CONVERSION = YES;
				CLANG_WARN_INT_CONVERSION = YES;
				CLANG_WARN_OBJC_ROOT_CLASS = YES_ERROR;
				CLANG_WARN_UNREACHABLE_CODE = YES;
				CLANG_WARN__DUPLICATE_METHOD_MATCH = YES;
				"CODE_SIGN_IDENTITY[sdk=iphoneos*]" = "iPhone Developer";
				COPY_PHASE_STRIP = NO;
				DEBUG_INFORMATION_FORMAT = dwarf;
				ENABLE_STRICT_OBJC_MSGSEND = YES;
				ENABLE_TESTABILITY = YES;
				GCC_C_LANGUAGE_STANDARD = gnu99;
				GCC_DYNAMIC_NO_PIC = NO;
				GCC_NO_COMMON_BLOCKS = YES;
				GCC_OPTIMIZATION_LEVEL = 0;
				GCC_PREPROCESSOR_DEFINITIONS = (
					"DEBUG=1",
					"$(inherited)",
				);
				GCC_WARN_64_TO_32_BIT_CONVERSION = YES;
				GCC_WARN_ABOUT_RETURN_TYPE = YES_ERROR;
				GCC_WARN_UNDECLARED_SELECTOR = YES;
				GCC_WARN_UNINITIALIZED_AUTOS = YES_AGGRESSIVE;
				GCC_WARN_UNUSED_FUNCTION = YES;
				GCC_WARN_UNUSED_VARIABLE = YES;
				IPHONEOS_DEPLOYMENT_TARGET = 9.1;
				MTL_ENABLE_DEBUG_INFO = YES;
				ONLY_ACTIVE_ARCH = YES;
				SDKROOT = iphoneos;
				SWIFT_OPTIMIZATION_LEVEL = "-Onone";
				TARGETED_DEVICE_FAMILY = "1,2";
			};
			name = Debug;
		};
		529992071C40210A0035A241 /* Release */ = {
			isa = XCBuildConfiguration;
			buildSettings = {
				ALWAYS_SEARCH_USER_PATHS = NO;
				CLANG_CXX_LANGUAGE_STANDARD = "gnu++0x";
				CLANG_CXX_LIBRARY = "libc++";
				CLANG_ENABLE_MODULES = YES;
				CLANG_ENABLE_OBJC_ARC = YES;
				CLANG_WARN_BOOL_CONVERSION = YES;
				CLANG_WARN_CONSTANT_CONVERSION = YES;
				CLANG_WARN_DIRECT_OBJC_ISA_USAGE = YES_ERROR;
				CLANG_WARN_EMPTY_BODY = YES;
				CLANG_WARN_ENUM_CONVERSION = YES;
				CLANG_WARN_INT_CONVERSION = YES;
				CLANG_WARN_OBJC_ROOT_CLASS = YES_ERROR;
				CLANG_WARN_UNREACHABLE_CODE = YES;
				CLANG_WARN__DUPLICATE_METHOD_MATCH = YES;
				"CODE_SIGN_IDENTITY[sdk=iphoneos*]" = "iPhone Developer";
				COPY_PHASE_STRIP = NO;
				DEBUG_INFORMATION_FORMAT = "dwarf-with-dsym";
				ENABLE_NS_ASSERTIONS = NO;
				ENABLE_STRICT_OBJC_MSGSEND = YES;
				GCC_C_LANGUAGE_STANDARD = gnu99;
				GCC_NO_COMMON_BLOCKS = YES;
				GCC_WARN_64_TO_32_BIT_CONVERSION = YES;
				GCC_WARN_ABOUT_RETURN_TYPE = YES_ERROR;
				GCC_WARN_UNDECLARED_SELECTOR = YES;
				GCC_WARN_UNINITIALIZED_AUTOS = YES_AGGRESSIVE;
				GCC_WARN_UNUSED_FUNCTION = YES;
				GCC_WARN_UNUSED_VARIABLE = YES;
				IPHONEOS_DEPLOYMENT_TARGET = 9.1;
				MTL_ENABLE_DEBUG_INFO = NO;
				SDKROOT = iphoneos;
				TARGETED_DEVICE_FAMILY = "1,2";
				VALIDATE_PRODUCT = YES;
			};
			name = Release;
		};
		529992091C40210A0035A241 /* Debug */ = {
			isa = XCBuildConfiguration;
			buildSettings = {
				ASSETCATALOG_COMPILER_APPICON_NAME = AppIcon;
				CODE_SIGN_IDENTITY = "iPhone Developer";
				"CODE_SIGN_IDENTITY[sdk=iphoneos*]" = "iPhone Developer";
				INFOPLIST_FILE = TochIDSampleApp/Info.plist;
				IPHONEOS_DEPLOYMENT_TARGET = 9.1;
				LD_RUNPATH_SEARCH_PATHS = "$(inherited) @executable_path/Frameworks";
				PRODUCT_BUNDLE_IDENTIFIER = air.hr.foi.TochIDSampleApp;
				PRODUCT_NAME = "$(TARGET_NAME)";
				PROVISIONING_PROFILE = "";
			};
			name = Debug;
		};
		5299920A1C40210A0035A241 /* Release */ = {
			isa = XCBuildConfiguration;
			buildSettings = {
				ASSETCATALOG_COMPILER_APPICON_NAME = AppIcon;
				CODE_SIGN_IDENTITY = "iPhone Developer";
				"CODE_SIGN_IDENTITY[sdk=iphoneos*]" = "iPhone Developer";
				INFOPLIST_FILE = TochIDSampleApp/Info.plist;
				IPHONEOS_DEPLOYMENT_TARGET = 9.1;
				LD_RUNPATH_SEARCH_PATHS = "$(inherited) @executable_path/Frameworks";
				PRODUCT_BUNDLE_IDENTIFIER = air.hr.foi.TochIDSampleApp;
				PRODUCT_NAME = "$(TARGET_NAME)";
				PROVISIONING_PROFILE = "";
			};
			name = Release;
		};
/* End XCBuildConfiguration section */

/* Begin XCConfigurationList section */
		529991F11C40210A0035A241 /* Build configuration list for PBXProject "TochIDSampleApp" */ = {
			isa = XCConfigurationList;
			buildConfigurations = (
				529992061C40210A0035A241 /* Debug */,
				529992071C40210A0035A241 /* Release */,
			);
			defaultConfigurationIsVisible = 0;
			defaultConfigurationName = Release;
		};
		529992081C40210A0035A241 /* Build configuration list for PBXNativeTarget "TochIDSampleApp" */ = {
			isa = XCConfigurationList;
			buildConfigurations = (
				529992091C40210A0035A241 /* Debug */,
				5299920A1C40210A0035A241 /* Release */,
			);
			defaultConfigurationIsVisible = 0;
			defaultConfigurationName = Release;
		};
/* End XCConfigurationList section */
	};
	rootObject = 529991EE1C40210A0035A241 /* Project object */;
}
